// !$*UTF8*$!
{
	archiveVersion = 1;
	classes = {
	};
	objectVersion = 50;
	objects = {

/* Begin PBXBuildFile section */
		E55FA3FD24B4293B001C99D0 /* AppDelegate.swift in Sources */ = {isa = PBXBuildFile; fileRef = E55FA3FC24B4293B001C99D0 /* AppDelegate.swift */; };
		E55FA3FF24B4293B001C99D0 /* SceneDelegate.swift in Sources */ = {isa = PBXBuildFile; fileRef = E55FA3FE24B4293B001C99D0 /* SceneDelegate.swift */; };
		E55FA40124B4293B001C99D0 /* t.swift in Sources */ = {isa = PBXBuildFile; fileRef = E55FA40024B4293B001C99D0 /* t.swift */; };
		E55FA40424B4293B001C99D0 /* Main.storyboard in Resources */ = {isa = PBXBuildFile; fileRef = E55FA40224B4293B001C99D0 /* Main.storyboard */; };
		E55FA40624B4293B001C99D0 /* Assets.xcassets in Resources */ = {isa = PBXBuildFile; fileRef = E55FA40524B4293B001C99D0 /* Assets.xcassets */; };
		E55FA40924B4293B001C99D0 /* LaunchScreen.storyboard in Resources */ = {isa = PBXBuildFile; fileRef = E55FA40724B4293B001C99D0 /* LaunchScreen.storyboard */; };
/* End PBXBuildFile section */

/* Begin PBXFileReference section */
		E55FA3F924B4293B001C99D0 /* 1. concurrent.app */ = {isa = PBXFileReference; explicitFileType = wrapper.application; includeInIndex = 0; path = "1. concurrent.app"; sourceTree = BUILT_PRODUCTS_DIR; };
		E55FA3FC24B4293B001C99D0 /* AppDelegate.swift */ = {isa = PBXFileReference; lastKnownFileType = sourcecode.swift; path = AppDelegate.swift; sourceTree = "<group>"; };
		E55FA3FE24B4293B001C99D0 /* SceneDelegate.swift */ = {isa = PBXFileReference; lastKnownFileType = sourcecode.swift; path = SceneDelegate.swift; sourceTree = "<group>"; };
		E55FA40024B4293B001C99D0 /* t.swift */ = {isa = PBXFileReference; lastKnownFileType = sourcecode.swift; path = t.swift; sourceTree = "<group>"; };
		E55FA40324B4293B001C99D0 /* Base */ = {isa = PBXFileReference; lastKnownFileType = file.storyboard; name = Base; path = Base.lproj/Main.storyboard; sourceTree = "<group>"; };
		E55FA40524B4293B001C99D0 /* Assets.xcassets */ = {isa = PBXFileReference; lastKnownFileType = folder.assetcatalog; path = Assets.xcassets; sourceTree = "<group>"; };
		E55FA40824B4293B001C99D0 /* Base */ = {isa = PBXFileReference; lastKnownFileType = file.storyboard; name = Base; path = Base.lproj/LaunchScreen.storyboard; sourceTree = "<group>"; };
		E55FA40A24B4293B001C99D0 /* Info.plist */ = {isa = PBXFileReference; lastKnownFileType = text.plist.xml; path = Info.plist; sourceTree = "<group>"; };
/* End PBXFileReference section */

/* Begin PBXFrameworksBuildPhase section */
		E55FA3F624B4293B001C99D0 /* Frameworks */ = {
			isa = PBXFrameworksBuildPhase;
			buildActionMask = 2147483647;
			files = (
			);
			runOnlyForDeploymentPostprocessing = 0;
		};
/* End PBXFrameworksBuildPhase section */

/* Begin PBXGroup section */
		E55FA3F024B4293B001C99D0 = {
			isa = PBXGroup;
			children = (
				E55FA3FB24B4293B001C99D0 /* 1. concurrent */,
				E55FA3FA24B4293B001C99D0 /* Products */,
			);
			sourceTree = "<group>";
		};
		E55FA3FA24B4293B001C99D0 /* Products */ = {
			isa = PBXGroup;
			children = (
				E55FA3F924B4293B001C99D0 /* 1. concurrent.app */,
			);
			name = Products;
			sourceTree = "<group>";
		};
		E55FA3FB24B4293B001C99D0 /* 1. concurrent */ = {
			isa = PBXGroup;
			children = (
				E55FA3FC24B4293B001C99D0 /* AppDelegate.swift */,
				E55FA3FE24B4293B001C99D0 /* SceneDelegate.swift */,
				E55FA40024B4293B001C99D0 /* t.swift */,
				E55FA40224B4293B001C99D0 /* Main.storyboard */,
				E55FA40524B4293B001C99D0 /* Assets.xcassets */,
				E55FA40724B4293B001C99D0 /* LaunchScreen.storyboard */,
				E55FA40A24B4293B001C99D0 /* Info.plist */,
			);
			path = "1. concurrent";
			sourceTree = "<group>";
		};
/* End PBXGroup section */

/* Begin PBXNativeTarget section */
		E55FA3F824B4293B001C99D0 /* 1. concurrent */ = {
			isa = PBXNativeTarget;
			buildConfigurationList = E55FA40D24B4293B001C99D0 /* Build configuration list for PBXNativeTarget "1. concurrent" */;
			buildPhases = (
				E55FA3F524B4293B001C99D0 /* Sources */,
				E55FA3F624B4293B001C99D0 /* Frameworks */,
				E55FA3F724B4293B001C99D0 /* Resources */,
			);
			buildRules = (
			);
			dependencies = (
			);
			name = "1. concurrent";
			productName = "1. concurrent";
			productReference = E55FA3F924B4293B001C99D0 /* 1. concurrent.app */;
			productType = "com.apple.product-type.application";
		};
/* End PBXNativeTarget section */

/* Begin PBXProject section */
		E55FA3F124B4293B001C99D0 /* Project object */ = {
			isa = PBXProject;
			attributes = {
				LastSwiftUpdateCheck = 1130;
				LastUpgradeCheck = 1130;
				ORGANIZATIONNAME = Huy;
				TargetAttributes = {
					E55FA3F824B4293B001C99D0 = {
						CreatedOnToolsVersion = 11.3.1;
					};
				};
			};
			buildConfigurationList = E55FA3F424B4293B001C99D0 /* Build configuration list for PBXProject "1. concurrent" */;
			compatibilityVersion = "Xcode 9.3";
			developmentRegion = en;
			hasScannedForEncodings = 0;
			knownRegions = (
				en,
				Base,
			);
			mainGroup = E55FA3F024B4293B001C99D0;
			productRefGroup = E55FA3FA24B4293B001C99D0 /* Products */;
			projectDirPath = "";
			projectRoot = "";
			targets = (
				E55FA3F824B4293B001C99D0 /* 1. concurrent */,
			);
		};
/* End PBXProject section */

/* Begin PBXResourcesBuildPhase section */
		E55FA3F724B4293B001C99D0 /* Resources */ = {
			isa = PBXResourcesBuildPhase;
			buildActionMask = 2147483647;
			files = (
				E55FA40924B4293B001C99D0 /* LaunchScreen.storyboard in Resources */,
				E55FA40624B4293B001C99D0 /* Assets.xcassets in Resources */,
				E55FA40424B4293B001C99D0 /* Main.storyboard in Resources */,
			);
			runOnlyForDeploymentPostprocessing = 0;
		};
/* End PBXResourcesBuildPhase section */

/* Begin PBXSourcesBuildPhase section */
		E55FA3F524B4293B001C99D0 /* Sources */ = {
			isa = PBXSourcesBuildPhase;
			buildActionMask = 2147483647;
			files = (
				E55FA40124B4293B001C99D0 /* t.swift in Sources */,
				E55FA3FD24B4293B001C99D0 /* AppDelegate.swift in Sources */,
				E55FA3FF24B4293B001C99D0 /* SceneDelegate.swift in Sources */,
			);
			runOnlyForDeploymentPostprocessing = 0;
		};
/* End PBXSourcesBuildPhase section */

/* Begin PBXVariantGroup section */
		E55FA40224B4293B001C99D0 /* Main.storyboard */ = {
			isa = PBXVariantGroup;
			children = (
				E55FA40324B4293B001C99D0 /* Base */,
			);
			name = Main.storyboard;
			sourceTree = "<group>";
		};
		E55FA40724B4293B001C99D0 /* LaunchScreen.storyboard */ = {
			isa = PBXVariantGroup;
			children = (
				E55FA40824B4293B001C99D0 /* Base */,
			);
			name = LaunchScreen.storyboard;
			sourceTree = "<group>";
		};
/* End PBXVariantGroup section */

/* Begin XCBuildConfiguration section */
		E55FA40B24B4293B001C99D0 /* Debug */ = {
			isa = XCBuildConfiguration;
			buildSettings = {
				ALWAYS_SEARCH_USER_PATHS = NO;
				CLANG_ANALYZER_NONNULL = YES;
				CLANG_ANALYZER_NUMBER_OBJECT_CONVERSION = YES_AGGRESSIVE;
				CLANG_CXX_LANGUAGE_STANDARD = "gnu++14";
				CLANG_CXX_LIBRARY = "libc++";
				CLANG_ENABLE_MODULES = YES;
				CLANG_ENABLE_OBJC_ARC = YES;
				CLANG_ENABLE_OBJC_WEAK = YES;
				CLANG_WARN_BLOCK_CAPTURE_AUTORELEASING = YES;
				CLANG_WARN_BOOL_CONVERSION = YES;
				CLANG_WARN_COMMA = YES;
				CLANG_WARN_CONSTANT_CONVERSION = YES;
				CLANG_WARN_DEPRECATED_OBJC_IMPLEMENTATIONS = YES;
				CLANG_WARN_DIRECT_OBJC_ISA_USAGE = YES_ERROR;
				CLANG_WARN_DOCUMENTATION_COMMENTS = YES;
				CLANG_WARN_EMPTY_BODY = YES;
				CLANG_WARN_ENUM_CONVERSION = YES;
				CLANG_WARN_INFINITE_RECURSION = YES;
				CLANG_WARN_INT_CONVERSION = YES;
				CLANG_WARN_NON_LITERAL_NULL_CONVERSION = YES;
				CLANG_WARN_OBJC_IMPLICIT_RETAIN_SELF = YES;
				CLANG_WARN_OBJC_LITERAL_CONVERSION = YES;
				CLANG_WARN_OBJC_ROOT_CLASS = YES_ERROR;
				CLANG_WARN_RANGE_LOOP_ANALYSIS = YES;
				CLANG_WARN_STRICT_PROTOTYPES = YES;
				CLANG_WARN_SUSPICIOUS_MOVE = YES;
				CLANG_WARN_UNGUARDED_AVAILABILITY = YES_AGGRESSIVE;
				CLANG_WARN_UNREACHABLE_CODE = YES;
				CLANG_WARN__DUPLICATE_METHOD_MATCH = YES;
				COPY_PHASE_STRIP = NO;
				DEBUG_INFORMATION_FORMAT = dwarf;
				ENABLE_STRICT_OBJC_MSGSEND = YES;
				ENABLE_TESTABILITY = YES;
				GCC_C_LANGUAGE_STANDARD = gnu11;
				GCC_DYNAMIC_NO_PIC = NO;
				GCC_NO_COMMON_BLOCKS = YES;
				GCC_OPTIMIZATION_LEVEL = 0;
				GCC_PREPROCESSOR_DEFINITIONS = (
					"DEBUG=1",
					"$(inherited)",
				);
				GCC_WARN_64_TO_32_BIT_CONVERSION = YES;
				GCC_WARN_ABOUT_RETURN_TYPE = YES_ERROR;
				GCC_WARN_UNDECLARED_SELECTOR = YES;
				GCC_WARN_UNINITIALIZED_AUTOS = YES_AGGRESSIVE;
				GCC_WARN_UNUSED_FUNCTION = YES;
				GCC_WARN_UNUSED_VARIABLE = YES;
				IPHONEOS_DEPLOYMENT_TARGET = 13.2;
				MTL_ENABLE_DEBUG_INFO = INCLUDE_SOURCE;
				MTL_FAST_MATH = YES;
				ONLY_ACTIVE_ARCH = YES;
				SDKROOT = iphoneos;
				SWIFT_ACTIVE_COMPILATION_CONDITIONS = DEBUG;
				SWIFT_OPTIMIZATION_LEVEL = "-Onone";
			};
			name = Debug;
		};
		E55FA40C24B4293B001C99D0 /* Release */ = {
			isa = XCBuildConfiguration;
			buildSettings = {
				ALWAYS_SEARCH_USER_PATHS = NO;
				CLANG_ANALYZER_NONNULL = YES;
				CLANG_ANALYZER_NUMBER_OBJECT_CONVERSION = YES_AGGRESSIVE;
				CLANG_CXX_LANGUAGE_STANDARD = "gnu++14";
				CLANG_CXX_LIBRARY = "libc++";
				CLANG_ENABLE_MODULES = YES;
				CLANG_ENABLE_OBJC_ARC = YES;
				CLANG_ENABLE_OBJC_WEAK = YES;
				CLANG_WARN_BLOCK_CAPTURE_AUTORELEASING = YES;
				CLANG_WARN_BOOL_CONVERSION = YES;
				CLANG_WARN_COMMA = YES;
				CLANG_WARN_CONSTANT_CONVERSION = YES;
				CLANG_WARN_DEPRECATED_OBJC_IMPLEMENTATIONS = YES;
				CLANG_WARN_DIRECT_OBJC_ISA_USAGE = YES_ERROR;
				CLANG_WARN_DOCUMENTATION_COMMENTS = YES;
				CLANG_WARN_EMPTY_BODY = YES;
				CLANG_WARN_ENUM_CONVERSION = YES;
				CLANG_WARN_INFINITE_RECURSION = YES;
				CLANG_WARN_INT_CONVERSION = YES;
				CLANG_WARN_NON_LITERAL_NULL_CONVERSION = YES;
				CLANG_WARN_OBJC_IMPLICIT_RETAIN_SELF = YES;
				CLANG_WARN_OBJC_LITERAL_CONVERSION = YES;
				CLANG_WARN_OBJC_ROOT_CLASS = YES_ERROR;
				CLANG_WARN_RANGE_LOOP_ANALYSIS = YES;
				CLANG_WARN_STRICT_PROTOTYPES = YES;
				CLANG_WARN_SUSPICIOUS_MOVE = YES;
				CLANG_WARN_UNGUARDED_AVAILABILITY = YES_AGGRESSIVE;
				CLANG_WARN_UNREACHABLE_CODE = YES;
				CLANG_WARN__DUPLICATE_METHOD_MATCH = YES;
				COPY_PHASE_STRIP = NO;
				DEBUG_INFORMATION_FORMAT = "dwarf-with-dsym";
				ENABLE_NS_ASSERTIONS = NO;
				ENABLE_STRICT_OBJC_MSGSEND = YES;
				GCC_C_LANGUAGE_STANDARD = gnu11;
				GCC_NO_COMMON_BLOCKS = YES;
				GCC_WARN_64_TO_32_BIT_CONVERSION = YES;
				GCC_WARN_ABOUT_RETURN_TYPE = YES_ERROR;
				GCC_WARN_UNDECLARED_SELECTOR = YES;
				GCC_WARN_UNINITIALIZED_AUTOS = YES_AGGRESSIVE;
				GCC_WARN_UNUSED_FUNCTION = YES;
				GCC_WARN_UNUSED_VARIABLE = YES;
				IPHONEOS_DEPLOYMENT_TARGET = 13.2;
				MTL_ENABLE_DEBUG_INFO = NO;
				MTL_FAST_MATH = YES;
				SDKROOT = iphoneos;
				SWIFT_COMPILATION_MODE = wholemodule;
				SWIFT_OPTIMIZATION_LEVEL = "-O";
				VALIDATE_PRODUCT = YES;
			};
			name = Release;
		};
		E55FA40E24B4293B001C99D0 /* Debug */ = {
			isa = XCBuildConfiguration;
			buildSettings = {
				ASSETCATALOG_COMPILER_APPICON_NAME = AppIcon;
				CODE_SIGN_STYLE = Automatic;
				INFOPLIST_FILE = "1. concurrent/Info.plist";
				LD_RUNPATH_SEARCH_PATHS = (
					"$(inherited)",
					"@executable_path/Frameworks",
				);
				PRODUCT_BUNDLE_IDENTIFIER = "hoc.---concurrent";
				PRODUCT_NAME = "$(TARGET_NAME)";
				SWIFT_VERSION = 5.0;
				TARGETED_DEVICE_FAMILY = "1,2";
			};
			name = Debug;
		};
		E55FA40F24B4293B001C99D0 /* Release */ = {
			isa = XCBuildConfiguration;
			buildSettings = {
				ASSETCATALOG_COMPILER_APPICON_NAME = AppIcon;
				CODE_SIGN_STYLE = Automatic;
				INFOPLIST_FILE = "1. concurrent/Info.plist";
				LD_RUNPATH_SEARCH_PATHS = (
					"$(inherited)",
					"@executable_path/Frameworks",
				);
				PRODUCT_BUNDLE_IDENTIFIER = "hoc.---concurrent";
				PRODUCT_NAME = "$(TARGET_NAME)";
				SWIFT_VERSION = 5.0;
				TARGETED_DEVICE_FAMILY = "1,2";
			};
			name = Release;
		};
/* End XCBuildConfiguration section */

/* Begin XCConfigurationList section */
		E55FA3F424B4293B001C99D0 /* Build configuration list for PBXProject "1. concurrent" */ = {
			isa = XCConfigurationList;
			buildConfigurations = (
				E55FA40B24B4293B001C99D0 /* Debug */,
				E55FA40C24B4293B001C99D0 /* Release */,
			);
			defaultConfigurationIsVisible = 0;
			defaultConfigurationName = Release;
		};
		E55FA40D24B4293B001C99D0 /* Build configuration list for PBXNativeTarget "1. concurrent" */ = {
			isa = XCConfigurationList;
			buildConfigurations = (
				E55FA40E24B4293B001C99D0 /* Debug */,
				E55FA40F24B4293B001C99D0 /* Release */,
			);
			defaultConfigurationIsVisible = 0;
			defaultConfigurationName = Release;
		};
/* End XCConfigurationList section */
	};
	rootObject = E55FA3F124B4293B001C99D0 /* Project object */;
}
